<?xml version="1.0" encoding="utf-8"?>
<Project ToolsVersion="4.0" xmlns="http://schemas.microsoft.com/developer/msbuild/2003">
  <ItemGroup>
    <Filter Include="product">
      <UniqueIdentifier>{4b1497c8-cc0a-49a0-b906-13f65190c26c}</UniqueIdentifier>
    </Filter>
  </ItemGroup>
  <ItemGroup>
    <ClCompile Include="product\main.cpp">
      <Filter>product</Filter>
    </ClCompile>
    <ClCompile Include="product\Valve.cpp">
      <Filter>product</Filter>
    </ClCompile>
    <ClCompile Include="product\Door.cpp">
      <Filter>product</Filter>
    </ClCompile>
    <ClCompile Include="product\Sluice.cpp">
      <Filter>product</Filter>
    </ClCompile>
    <ClCompile Include="product\SluiceLogic.cpp">
      <Filter>product</Filter>
    </ClCompile>
    <ClCompile Include="product\TrafficLight.cpp">
      <Filter>product</Filter>
    </ClCompile>
    <ClCompile Include="product\SluiceNetworkHandler.cpp">
      <Filter>product</Filter>
    </ClCompile>
    <ClCompile Include="product\DoorEngine.cpp">
      <Filter>product</Filter>
    </ClCompile>
    <ClCompile Include="product\DoorLock.cpp">
      <Filter>product</Filter>
    </ClCompile>
    <ClCompile Include="product\DoorEngineOneSecond.cpp">
      <Filter>product</Filter>
    </ClCompile>
    <ClCompile Include="product\DoorLockTwoSecond.cpp">
      <Filter>product</Filter>
    </ClCompile>
    <ClCompile Include="product\DoorOneSecondMotor.cpp">
      <Filter>product</Filter>
    </ClCompile>
    <ClCompile Include="product\DoorTwoSecondLock.cpp">
      <Filter>product</Filter>
    </ClCompile>
    <ClCompile Include="product\Timer.cpp">
      <Filter>product</Filter>
    </ClCompile>
  </ItemGroup>
  <ItemGroup>
    <ClInclude Include="product\Door.hpp">
      <Filter>product</Filter>
    </ClInclude>
    <ClInclude Include="product\Sluice.hpp">
      <Filter>product</Filter>
    </ClInclude>
    <ClInclude Include="product\SluiceLogic.hpp">
      <Filter>product</Filter>
    </ClInclude>
    <ClInclude Include="product\TrafficLight.hpp">
      <Filter>product</Filter>
    </ClInclude>
    <ClInclude Include="product\Valve.hpp">
      <Filter>product</Filter>
    </ClInclude>
    <ClInclude Include="product\SluiceNetworkHandler.hpp">
      <Filter>product</Filter>
    </ClInclude>
    <ClInclude Include="product\DoorLock.hpp">
      <Filter>product</Filter>
    </ClInclude>
    <ClInclude Include="product\DoorEngine.hpp">
      <Filter>product</Filter>
    </ClInclude>
    <ClInclude Include="product\DoorEngineOneSecond.hpp">
      <Filter>product</Filter>
    </ClInclude>
    <ClInclude Include="product\DoorLockTwoSecond.hpp">
      <Filter>product</Filter>
    </ClInclude>
    <ClInclude Include="product\DoorOneSecondMotor.hpp">
      <Filter>product</Filter>
    </ClInclude>
    <ClInclude Include="product\DoorTwoSecondLock.hpp">
      <Filter>product</Filter>
    </ClInclude>
    <ClInclude Include="product\Timer.hpp">
      <Filter>product</Filter>
    </ClInclude>
  </ItemGroup>
  <ItemGroup>
    <None Include="ClassDiagram.cd" />
  </ItemGroup>
</Project>