<?xml version="1.0" encoding="utf-8"?>
<Project ToolsVersion="4.0" xmlns="http://schemas.microsoft.com/developer/msbuild/2003">
  <ItemGroup>
    <Filter Include="product">
      <UniqueIdentifier>{a50daf9e-4dd7-48b3-9d28-d355842d6039}</UniqueIdentifier>
    </Filter>
    <Filter Include="test">
      <UniqueIdentifier>{6ea13de2-72a5-4f98-abd9-ea7af4ba992e}</UniqueIdentifier>
    </Filter>
  </ItemGroup>
  <ItemGroup>
    <ClCompile Include="test\RentalAdministrationTest.cpp">
      <Filter>test</Filter>
    </ClCompile>
    <ClCompile Include="test\SedanTest.cpp">
      <Filter>test</Filter>
    </ClCompile>
    <ClCompile Include="product\TwoSecondLockingDoor.cpp">
      <Filter>product</Filter>
    </ClCompile>
    <ClCompile Include="product\Valve.cpp">
      <Filter>product</Filter>
    </ClCompile>
    <ClCompile Include="product\Door.cpp">
      <Filter>product</Filter>
    </ClCompile>
    <ClCompile Include="product\NormalDoor.cpp">
      <Filter>product</Filter>
    </ClCompile>
    <ClCompile Include="product\OneSecondMotorDoor.cpp">
      <Filter>product</Filter>
    </ClCompile>
    <ClCompile Include="product\Sluice.cpp">
      <Filter>product</Filter>
    </ClCompile>
    <ClCompile Include="product\SluiceLogic.cpp">
      <Filter>product</Filter>
    </ClCompile>
    <ClCompile Include="product\TrafficLight.cpp">
      <Filter>product</Filter>
    </ClCompile>
    <ClCompile Include="product\SluiceNetworkHandler.cpp">
      <Filter>product</Filter>
    </ClCompile>
    <ClCompile Include="product\DoorEngine.cpp">
      <Filter>product</Filter>
    </ClCompile>
    <ClCompile Include="product\DoorLock.cpp">
      <Filter>product</Filter>
    </ClCompile>
  </ItemGroup>
  <ItemGroup>
    <ClInclude Include="product\Door.hpp">
      <Filter>product</Filter>
    </ClInclude>
    <ClInclude Include="product\NormalDoor.hpp">
      <Filter>product</Filter>
    </ClInclude>
    <ClInclude Include="product\OneSecondMotorDoor.hpp">
      <Filter>product</Filter>
    </ClInclude>
    <ClInclude Include="product\Sluice.hpp">
      <Filter>product</Filter>
    </ClInclude>
    <ClInclude Include="product\SluiceLogic.hpp">
      <Filter>product</Filter>
    </ClInclude>
    <ClInclude Include="product\TrafficLight.hpp">
      <Filter>product</Filter>
    </ClInclude>
    <ClInclude Include="product\TwoSecondLockingDoor.hpp">
      <Filter>product</Filter>
    </ClInclude>
    <ClInclude Include="product\Valve.hpp">
      <Filter>product</Filter>
    </ClInclude>
    <ClInclude Include="product\SluiceNetworkHandler.hpp">
      <Filter>product</Filter>
    </ClInclude>
    <ClInclude Include="product\DoorLock.hpp">
      <Filter>product</Filter>
    </ClInclude>
    <ClInclude Include="product\DoorEngine.hpp">
      <Filter>product</Filter>
    </ClInclude>
  </ItemGroup>
</Project>